
Microsoft Visual Studio Solution File, Format Version 12.00
# Visual Studio Version 17
VisualStudioVersion = 17.14.36705.20 d17.14
MinimumVisualStudioVersion = 10.0.40219.1
Project("{FAE04EC0-301F-11D3-BF4B-00C04F79EFBC}") = "xuanxing_Mod_DecomposeParts", "xuanxing_Mod_DecomposeParts.csproj", "{B138F190-97DA-4999-81AB-B69E76671F2A}"
EndProject
Global
	GlobalSection(SolutionConfigurationPlatforms) = preSolution
		Debug|Any CPU = Debug|Any CPU
		Release|Any CPU = Release|Any CPU
	EndGlobalSection
	GlobalSection(ProjectConfigurationPlatforms) = postSolution
		{B138F190-97DA-4999-81AB-B69E76671F2A}.Debug|Any CPU.ActiveCfg = Debug|Any CPU
		{B138F190-97DA-4999-81AB-B69E76671F2A}.Debug|Any CPU.Build.0 = Debug|Any CPU
		{B138F190-97DA-4999-81AB-B69E76671F2A}.Release|Any CPU.ActiveCfg = Release|Any CPU
		{B138F190-97DA-4999-81AB-B69E76671F2A}.Release|Any CPU.Build.0 = Release|Any CPU
	EndGlobalSection
	GlobalSection(SolutionProperties) = preSolution
		HideSolutionNode = FALSE
	EndGlobalSection
	GlobalSection(ExtensibilityGlobals) = postSolution
		SolutionGuid = {CC4B69E5-BBAB-4BD9-8D38-34007081FD1D}
	EndGlobalSection
EndGlobal
